
Microsoft Visual Studio Solution File, Format Version 12.00
# Visual Studio Version 16
VisualStudioVersion = 16.0.31005.135
MinimumVisualStudioVersion = 10.0.40219.1
Project("{9A19103F-16F7-4668-BE54-9A1E7A4F7556}") = "Domain", "Domain\Domain.csproj", "{E953CEC8-A866-4EF3-8D58-E58F0DB385B8}"
EndProject
Project("{9A19103F-16F7-4668-BE54-9A1E7A4F7556}") = "Repository", "Repository\Repository.csproj", "{38B43847-7A3A-4A58-9740-532D5BDC66C7}"
EndProject
Project("{9A19103F-16F7-4668-BE54-9A1E7A4F7556}") = "Service", "Service\Service.csproj", "{6A0CA7AE-6BA6-4DB6-87B1-48D45236DBD2}"
EndProject
Project("{9A19103F-16F7-4668-BE54-9A1E7A4F7556}") = "Architecture_API", "Architecture_API\Architecture_API.csproj", "{1BA99D87-2777-41E4-B5CA-A7A046EE4E50}"
EndProject
Project("{2150E333-8FDC-42A3-9474-1A3956D46DE8}") = "Presentation", "Presentation", "{F3755219-B0DE-4125-AFBD-00B0A31696E4}"
EndProject
Project("{FAE04EC0-301F-11D3-BF4B-00C04F79EFBC}") = "Architecture_WEB", "Architecture_WEB\Architecture_WEB.csproj", "{50F569BD-25DB-4B92-A83E-4611AFD16E54}"
EndProject
Global
	GlobalSection(SolutionConfigurationPlatforms) = preSolution
		Debug|Any CPU = Debug|Any CPU
		Release|Any CPU = Release|Any CPU
	EndGlobalSection
	GlobalSection(ProjectConfigurationPlatforms) = postSolution
		{E953CEC8-A866-4EF3-8D58-E58F0DB385B8}.Debug|Any CPU.ActiveCfg = Debug|Any CPU
		{E953CEC8-A866-4EF3-8D58-E58F0DB385B8}.Debug|Any CPU.Build.0 = Debug|Any CPU
		{E953CEC8-A866-4EF3-8D58-E58F0DB385B8}.Release|Any CPU.ActiveCfg = Release|Any CPU
		{E953CEC8-A866-4EF3-8D58-E58F0DB385B8}.Release|Any CPU.Build.0 = Release|Any CPU
		{38B43847-7A3A-4A58-9740-532D5BDC66C7}.Debug|Any CPU.ActiveCfg = Debug|Any CPU
		{38B43847-7A3A-4A58-9740-532D5BDC66C7}.Debug|Any CPU.Build.0 = Debug|Any CPU
		{38B43847-7A3A-4A58-9740-532D5BDC66C7}.Release|Any CPU.ActiveCfg = Release|Any CPU
		{38B43847-7A3A-4A58-9740-532D5BDC66C7}.Release|Any CPU.Build.0 = Release|Any CPU
		{6A0CA7AE-6BA6-4DB6-87B1-48D45236DBD2}.Debug|Any CPU.ActiveCfg = Debug|Any CPU
		{6A0CA7AE-6BA6-4DB6-87B1-48D45236DBD2}.Debug|Any CPU.Build.0 = Debug|Any CPU
		{6A0CA7AE-6BA6-4DB6-87B1-48D45236DBD2}.Release|Any CPU.ActiveCfg = Release|Any CPU
		{6A0CA7AE-6BA6-4DB6-87B1-48D45236DBD2}.Release|Any CPU.Build.0 = Release|Any CPU
		{1BA99D87-2777-41E4-B5CA-A7A046EE4E50}.Debug|Any CPU.ActiveCfg = Debug|Any CPU
		{1BA99D87-2777-41E4-B5CA-A7A046EE4E50}.Debug|Any CPU.Build.0 = Debug|Any CPU
		{1BA99D87-2777-41E4-B5CA-A7A046EE4E50}.Release|Any CPU.ActiveCfg = Release|Any CPU
		{1BA99D87-2777-41E4-B5CA-A7A046EE4E50}.Release|Any CPU.Build.0 = Release|Any CPU
		{50F569BD-25DB-4B92-A83E-4611AFD16E54}.Debug|Any CPU.ActiveCfg = Debug|Any CPU
		{50F569BD-25DB-4B92-A83E-4611AFD16E54}.Debug|Any CPU.Build.0 = Debug|Any CPU
		{50F569BD-25DB-4B92-A83E-4611AFD16E54}.Release|Any CPU.ActiveCfg = Release|Any CPU
		{50F569BD-25DB-4B92-A83E-4611AFD16E54}.Release|Any CPU.Build.0 = Release|Any CPU
	EndGlobalSection
	GlobalSection(SolutionProperties) = preSolution
		HideSolutionNode = FALSE
	EndGlobalSection
	GlobalSection(NestedProjects) = preSolution
		{1BA99D87-2777-41E4-B5CA-A7A046EE4E50} = {F3755219-B0DE-4125-AFBD-00B0A31696E4}
		{50F569BD-25DB-4B92-A83E-4611AFD16E54} = {F3755219-B0DE-4125-AFBD-00B0A31696E4}
	EndGlobalSection
	GlobalSection(ExtensibilityGlobals) = postSolution
		SolutionGuid = {942FA133-08F5-4DF6-B6A5-E71E202C0AA7}
	EndGlobalSection
EndGlobal
